// !$*UTF8*$!
{
	archiveVersion = 1;
	classes = {
	};
	objectVersion = 56;
	objects = {

/* Begin PBXBuildFile section */
		5D8612EA2C7DDC61007D1FDC /* AppDelegate.swift in Sources */ = {isa = PBXBuildFile; fileRef = 5D8612E92C7DDC61007D1FDC /* AppDelegate.swift */; };
		5D8612EC2C7DDC61007D1FDC /* SceneDelegate.swift in Sources */ = {isa = PBXBuildFile; fileRef = 5D8612EB2C7DDC61007D1FDC /* SceneDelegate.swift */; };
		5D8612EE2C7DDC61007D1FDC /* ViewController.swift in Sources */ = {isa = PBXBuildFile; fileRef = 5D8612ED2C7DDC61007D1FDC /* ViewController.swift */; };
		5D8612F12C7DDC61007D1FDC /* Main.storyboard in Resources */ = {isa = PBXBuildFile; fileRef = 5D8612EF2C7DDC61007D1FDC /* Main.storyboard */; };
		5D8612F32C7DDC63007D1FDC /* Assets.xcassets in Resources */ = {isa = PBXBuildFile; fileRef = 5D8612F22C7DDC63007D1FDC /* Assets.xcassets */; };
		5D8612F62C7DDC63007D1FDC /* LaunchScreen.storyboard in Resources */ = {isa = PBXBuildFile; fileRef = 5D8612F42C7DDC63007D1FDC /* LaunchScreen.storyboard */; };
		5D8613042C7DDCC2007D1FDC /* NetworkManager.swift in Sources */ = {isa = PBXBuildFile; fileRef = 5D8613032C7DDCC2007D1FDC /* NetworkManager.swift */; };
		5D8613062C7DDCE6007D1FDC /* Movie.swift in Sources */ = {isa = PBXBuildFile; fileRef = 5D8613052C7DDCE6007D1FDC /* Movie.swift */; };
		5D8613082C7DDD07007D1FDC /* MoviesListViewController.swift in Sources */ = {isa = PBXBuildFile; fileRef = 5D8613072C7DDD07007D1FDC /* MoviesListViewController.swift */; };
		5D86130A2C7DDD27007D1FDC /* MovieDetailViewController.swift in Sources */ = {isa = PBXBuildFile; fileRef = 5D8613092C7DDD27007D1FDC /* MovieDetailViewController.swift */; };
		5D86130C2C7DDD4F007D1FDC /* MovieCell.swift in Sources */ = {isa = PBXBuildFile; fileRef = 5D86130B2C7DDD4F007D1FDC /* MovieCell.swift */; };
		5D86130E2C7DDD82007D1FDC /* AlertManager.swift in Sources */ = {isa = PBXBuildFile; fileRef = 5D86130D2C7DDD82007D1FDC /* AlertManager.swift */; };
		5D8613102C7DDEA5007D1FDC /* CacheManager.swift in Sources */ = {isa = PBXBuildFile; fileRef = 5D86130F2C7DDEA5007D1FDC /* CacheManager.swift */; };
		5DE8372F2C7DE14100C0914B /* SimpleMoviesTests.swift in Sources */ = {isa = PBXBuildFile; fileRef = 5DE8372E2C7DE14100C0914B /* SimpleMoviesTests.swift */; };
/* End PBXBuildFile section */

/* Begin PBXContainerItemProxy section */
		5DE837302C7DE14100C0914B /* PBXContainerItemProxy */ = {
			isa = PBXContainerItemProxy;
			containerPortal = 5D8612DE2C7DDC60007D1FDC /* Project object */;
			proxyType = 1;
			remoteGlobalIDString = 5D8612E52C7DDC61007D1FDC;
			remoteInfo = SimpleMovies;
		};
/* End PBXContainerItemProxy section */

/* Begin PBXFileReference section */
		5D8612E62C7DDC61007D1FDC /* SimpleMovies.app */ = {isa = PBXFileReference; explicitFileType = wrapper.application; includeInIndex = 0; path = SimpleMovies.app; sourceTree = BUILT_PRODUCTS_DIR; };
		5D8612E92C7DDC61007D1FDC /* AppDelegate.swift */ = {isa = PBXFileReference; lastKnownFileType = sourcecode.swift; path = AppDelegate.swift; sourceTree = "<group>"; };
		5D8612EB2C7DDC61007D1FDC /* SceneDelegate.swift */ = {isa = PBXFileReference; lastKnownFileType = sourcecode.swift; path = SceneDelegate.swift; sourceTree = "<group>"; };
		5D8612ED2C7DDC61007D1FDC /* ViewController.swift */ = {isa = PBXFileReference; lastKnownFileType = sourcecode.swift; path = ViewController.swift; sourceTree = "<group>"; };
		5D8612F02C7DDC61007D1FDC /* Base */ = {isa = PBXFileReference; lastKnownFileType = file.storyboard; name = Base; path = Base.lproj/Main.storyboard; sourceTree = "<group>"; };
		5D8612F22C7DDC63007D1FDC /* Assets.xcassets */ = {isa = PBXFileReference; lastKnownFileType = folder.assetcatalog; path = Assets.xcassets; sourceTree = "<group>"; };
		5D8612F52C7DDC63007D1FDC /* Base */ = {isa = PBXFileReference; lastKnownFileType = file.storyboard; name = Base; path = Base.lproj/LaunchScreen.storyboard; sourceTree = "<group>"; };
		5D8612F72C7DDC63007D1FDC /* Info.plist */ = {isa = PBXFileReference; lastKnownFileType = text.plist.xml; path = Info.plist; sourceTree = "<group>"; };
		5D8613032C7DDCC2007D1FDC /* NetworkManager.swift */ = {isa = PBXFileReference; lastKnownFileType = sourcecode.swift; path = NetworkManager.swift; sourceTree = "<group>"; };
		5D8613052C7DDCE6007D1FDC /* Movie.swift */ = {isa = PBXFileReference; lastKnownFileType = sourcecode.swift; path = Movie.swift; sourceTree = "<group>"; };
		5D8613072C7DDD07007D1FDC /* MoviesListViewController.swift */ = {isa = PBXFileReference; lastKnownFileType = sourcecode.swift; path = MoviesListViewController.swift; sourceTree = "<group>"; };
		5D8613092C7DDD27007D1FDC /* MovieDetailViewController.swift */ = {isa = PBXFileReference; lastKnownFileType = sourcecode.swift; path = MovieDetailViewController.swift; sourceTree = "<group>"; };
		5D86130B2C7DDD4F007D1FDC /* MovieCell.swift */ = {isa = PBXFileReference; lastKnownFileType = sourcecode.swift; path = MovieCell.swift; sourceTree = "<group>"; };
		5D86130D2C7DDD82007D1FDC /* AlertManager.swift */ = {isa = PBXFileReference; lastKnownFileType = sourcecode.swift; path = AlertManager.swift; sourceTree = "<group>"; };
		5D86130F2C7DDEA5007D1FDC /* CacheManager.swift */ = {isa = PBXFileReference; lastKnownFileType = sourcecode.swift; path = CacheManager.swift; sourceTree = "<group>"; };
		5DE8372C2C7DE14100C0914B /* SimpleMoviesTests.xctest */ = {isa = PBXFileReference; explicitFileType = wrapper.cfbundle; includeInIndex = 0; path = SimpleMoviesTests.xctest; sourceTree = BUILT_PRODUCTS_DIR; };
		5DE8372E2C7DE14100C0914B /* SimpleMoviesTests.swift */ = {isa = PBXFileReference; lastKnownFileType = sourcecode.swift; path = SimpleMoviesTests.swift; sourceTree = "<group>"; };
/* End PBXFileReference section */

/* Begin PBXFrameworksBuildPhase section */
		5D8612E32C7DDC61007D1FDC /* Frameworks */ = {
			isa = PBXFrameworksBuildPhase;
			buildActionMask = 2147483647;
			files = (
			);
			runOnlyForDeploymentPostprocessing = 0;
		};
		5DE837292C7DE14100C0914B /* Frameworks */ = {
			isa = PBXFrameworksBuildPhase;
			buildActionMask = 2147483647;
			files = (
			);
			runOnlyForDeploymentPostprocessing = 0;
		};
/* End PBXFrameworksBuildPhase section */

/* Begin PBXGroup section */
		5D8612DD2C7DDC60007D1FDC = {
			isa = PBXGroup;
			children = (
				5D8612E82C7DDC61007D1FDC /* SimpleMovies */,
				5DE8372D2C7DE14100C0914B /* SimpleMoviesTests */,
				5D8612E72C7DDC61007D1FDC /* Products */,
			);
			sourceTree = "<group>";
		};
		5D8612E72C7DDC61007D1FDC /* Products */ = {
			isa = PBXGroup;
			children = (
				5D8612E62C7DDC61007D1FDC /* SimpleMovies.app */,
				5DE8372C2C7DE14100C0914B /* SimpleMoviesTests.xctest */,
			);
			name = Products;
			sourceTree = "<group>";
		};
		5D8612E82C7DDC61007D1FDC /* SimpleMovies */ = {
			isa = PBXGroup;
			children = (
				5D8613012C7DDC9D007D1FDC /* Utilities */,
				5D8613002C7DDC96007D1FDC /* Networking */,
				5D8612FF2C7DDC8E007D1FDC /* ViewControllers */,
				5D8612FE2C7DDC82007D1FDC /* Views */,
				5D8612FD2C7DDC7A007D1FDC /* Models */,
				5D8612E92C7DDC61007D1FDC /* AppDelegate.swift */,
				5D8612EB2C7DDC61007D1FDC /* SceneDelegate.swift */,
				5D8612ED2C7DDC61007D1FDC /* ViewController.swift */,
				5D8612EF2C7DDC61007D1FDC /* Main.storyboard */,
				5D8612F22C7DDC63007D1FDC /* Assets.xcassets */,
				5D8612F42C7DDC63007D1FDC /* LaunchScreen.storyboard */,
				5D8612F72C7DDC63007D1FDC /* Info.plist */,
			);
			path = SimpleMovies;
			sourceTree = "<group>";
		};
		5D8612FD2C7DDC7A007D1FDC /* Models */ = {
			isa = PBXGroup;
			children = (
				5D8613052C7DDCE6007D1FDC /* Movie.swift */,
			);
			path = Models;
			sourceTree = "<group>";
		};
		5D8612FE2C7DDC82007D1FDC /* Views */ = {
			isa = PBXGroup;
			children = (
				5D86130B2C7DDD4F007D1FDC /* MovieCell.swift */,
			);
			path = Views;
			sourceTree = "<group>";
		};
		5D8612FF2C7DDC8E007D1FDC /* ViewControllers */ = {
			isa = PBXGroup;
			children = (
				5D8613072C7DDD07007D1FDC /* MoviesListViewController.swift */,
				5D8613092C7DDD27007D1FDC /* MovieDetailViewController.swift */,
			);
			path = ViewControllers;
			sourceTree = "<group>";
		};
		5D8613002C7DDC96007D1FDC /* Networking */ = {
			isa = PBXGroup;
			children = (
				5D8613032C7DDCC2007D1FDC /* NetworkManager.swift */,
			);
			path = Networking;
			sourceTree = "<group>";
		};
		5D8613012C7DDC9D007D1FDC /* Utilities */ = {
			isa = PBXGroup;
			children = (
				5D86130D2C7DDD82007D1FDC /* AlertManager.swift */,
				5D86130F2C7DDEA5007D1FDC /* CacheManager.swift */,
			);
			path = Utilities;
			sourceTree = "<group>";
		};
		5DE8372D2C7DE14100C0914B /* SimpleMoviesTests */ = {
			isa = PBXGroup;
			children = (
				5DE8372E2C7DE14100C0914B /* SimpleMoviesTests.swift */,
			);
			path = SimpleMoviesTests;
			sourceTree = "<group>";
		};
/* End PBXGroup section */

/* Begin PBXNativeTarget section */
		5D8612E52C7DDC61007D1FDC /* SimpleMovies */ = {
			isa = PBXNativeTarget;
			buildConfigurationList = 5D8612FA2C7DDC63007D1FDC /* Build configuration list for PBXNativeTarget "SimpleMovies" */;
			buildPhases = (
				5D8612E22C7DDC61007D1FDC /* Sources */,
				5D8612E32C7DDC61007D1FDC /* Frameworks */,
				5D8612E42C7DDC61007D1FDC /* Resources */,
			);
			buildRules = (
			);
			dependencies = (
			);
			name = SimpleMovies;
			productName = SimpleMovies;
			productReference = 5D8612E62C7DDC61007D1FDC /* SimpleMovies.app */;
			productType = "com.apple.product-type.application";
		};
		5DE8372B2C7DE14100C0914B /* SimpleMoviesTests */ = {
			isa = PBXNativeTarget;
			buildConfigurationList = 5DE837342C7DE14100C0914B /* Build configuration list for PBXNativeTarget "SimpleMoviesTests" */;
			buildPhases = (
				5DE837282C7DE14100C0914B /* Sources */,
				5DE837292C7DE14100C0914B /* Frameworks */,
				5DE8372A2C7DE14100C0914B /* Resources */,
			);
			buildRules = (
			);
			dependencies = (
				5DE837312C7DE14100C0914B /* PBXTargetDependency */,
			);
			name = SimpleMoviesTests;
			productName = SimpleMoviesTests;
			productReference = 5DE8372C2C7DE14100C0914B /* SimpleMoviesTests.xctest */;
			productType = "com.apple.product-type.bundle.unit-test";
		};
/* End PBXNativeTarget section */

/* Begin PBXProject section */
		5D8612DE2C7DDC60007D1FDC /* Project object */ = {
			isa = PBXProject;
			attributes = {
				BuildIndependentTargetsInParallel = 1;
				LastSwiftUpdateCheck = 1520;
				LastUpgradeCheck = 1520;
				TargetAttributes = {
					5D8612E52C7DDC61007D1FDC = {
						CreatedOnToolsVersion = 15.2;
					};
					5DE8372B2C7DE14100C0914B = {
						CreatedOnToolsVersion = 15.2;
						TestTargetID = 5D8612E52C7DDC61007D1FDC;
					};
				};
			};
			buildConfigurationList = 5D8612E12C7DDC60007D1FDC /* Build configuration list for PBXProject "SimpleMovies" */;
			compatibilityVersion = "Xcode 14.0";
			developmentRegion = en;
			hasScannedForEncodings = 0;
			knownRegions = (
				en,
				Base,
			);
			mainGroup = 5D8612DD2C7DDC60007D1FDC;
			productRefGroup = 5D8612E72C7DDC61007D1FDC /* Products */;
			projectDirPath = "";
			projectRoot = "";
			targets = (
				5D8612E52C7DDC61007D1FDC /* SimpleMovies */,
				5DE8372B2C7DE14100C0914B /* SimpleMoviesTests */,
			);
		};
/* End PBXProject section */

/* Begin PBXResourcesBuildPhase section */
		5D8612E42C7DDC61007D1FDC /* Resources */ = {
			isa = PBXResourcesBuildPhase;
			buildActionMask = 2147483647;
			files = (
				5D8612F62C7DDC63007D1FDC /* LaunchScreen.storyboard in Resources */,
				5D8612F32C7DDC63007D1FDC /* Assets.xcassets in Resources */,
				5D8612F12C7DDC61007D1FDC /* Main.storyboard in Resources */,
			);
			runOnlyForDeploymentPostprocessing = 0;
		};
		5DE8372A2C7DE14100C0914B /* Resources */ = {
			isa = PBXResourcesBuildPhase;
			buildActionMask = 2147483647;
			files = (
			);
			runOnlyForDeploymentPostprocessing = 0;
		};
/* End PBXResourcesBuildPhase section */

/* Begin PBXSourcesBuildPhase section */
		5D8612E22C7DDC61007D1FDC /* Sources */ = {
			isa = PBXSourcesBuildPhase;
			buildActionMask = 2147483647;
			files = (
				5D8613042C7DDCC2007D1FDC /* NetworkManager.swift in Sources */,
				5D8612EE2C7DDC61007D1FDC /* ViewController.swift in Sources */,
				5D86130C2C7DDD4F007D1FDC /* MovieCell.swift in Sources */,
				5D8612EA2C7DDC61007D1FDC /* AppDelegate.swift in Sources */,
				5D8612EC2C7DDC61007D1FDC /* SceneDelegate.swift in Sources */,
				5D86130A2C7DDD27007D1FDC /* MovieDetailViewController.swift in Sources */,
				5D8613102C7DDEA5007D1FDC /* CacheManager.swift in Sources */,
				5D8613062C7DDCE6007D1FDC /* Movie.swift in Sources */,
				5D8613082C7DDD07007D1FDC /* MoviesListViewController.swift in Sources */,
				5D86130E2C7DDD82007D1FDC /* AlertManager.swift in Sources */,
			);
			runOnlyForDeploymentPostprocessing = 0;
		};
		5DE837282C7DE14100C0914B /* Sources */ = {
			isa = PBXSourcesBuildPhase;
			buildActionMask = 2147483647;
			files = (
				5DE8372F2C7DE14100C0914B /* SimpleMoviesTests.swift in Sources */,
			);
			runOnlyForDeploymentPostprocessing = 0;
		};
/* End PBXSourcesBuildPhase section */

/* Begin PBXTargetDependency section */
		5DE837312C7DE14100C0914B /* PBXTargetDependency */ = {
			isa = PBXTargetDependency;
			target = 5D8612E52C7DDC61007D1FDC /* SimpleMovies */;
			targetProxy = 5DE837302C7DE14100C0914B /* PBXContainerItemProxy */;
		};
/* End PBXTargetDependency section */

/* Begin PBXVariantGroup section */
		5D8612EF2C7DDC61007D1FDC /* Main.storyboard */ = {
			isa = PBXVariantGroup;
			children = (
				5D8612F02C7DDC61007D1FDC /* Base */,
			);
			name = Main.storyboard;
			sourceTree = "<group>";
		};
		5D8612F42C7DDC63007D1FDC /* LaunchScreen.storyboard */ = {
			isa = PBXVariantGroup;
			children = (
				5D8612F52C7DDC63007D1FDC /* Base */,
			);
			name = LaunchScreen.storyboard;
			sourceTree = "<group>";
		};
/* End PBXVariantGroup section */

/* Begin XCBuildConfiguration section */
		5D8612F82C7DDC63007D1FDC /* Debug */ = {
			isa = XCBuildConfiguration;
			buildSettings = {
				ALWAYS_SEARCH_USER_PATHS = NO;
				ASSETCATALOG_COMPILER_GENERATE_SWIFT_ASSET_SYMBOL_EXTENSIONS = YES;
				CLANG_ANALYZER_NONNULL = YES;
				CLANG_ANALYZER_NUMBER_OBJECT_CONVERSION = YES_AGGRESSIVE;
				CLANG_CXX_LANGUAGE_STANDARD = "gnu++20";
				CLANG_ENABLE_MODULES = YES;
				CLANG_ENABLE_OBJC_ARC = YES;
				CLANG_ENABLE_OBJC_WEAK = YES;
				CLANG_WARN_BLOCK_CAPTURE_AUTORELEASING = YES;
				CLANG_WARN_BOOL_CONVERSION = YES;
				CLANG_WARN_COMMA = YES;
				CLANG_WARN_CONSTANT_CONVERSION = YES;
				CLANG_WARN_DEPRECATED_OBJC_IMPLEMENTATIONS = YES;
				CLANG_WARN_DIRECT_OBJC_ISA_USAGE = YES_ERROR;
				CLANG_WARN_DOCUMENTATION_COMMENTS = YES;
				CLANG_WARN_EMPTY_BODY = YES;
				CLANG_WARN_ENUM_CONVERSION = YES;
				CLANG_WARN_INFINITE_RECURSION = YES;
				CLANG_WARN_INT_CONVERSION = YES;
				CLANG_WARN_NON_LITERAL_NULL_CONVERSION = YES;
				CLANG_WARN_OBJC_IMPLICIT_RETAIN_SELF = YES;
				CLANG_WARN_OBJC_LITERAL_CONVERSION = YES;
				CLANG_WARN_OBJC_ROOT_CLASS = YES_ERROR;
				CLANG_WARN_QUOTED_INCLUDE_IN_FRAMEWORK_HEADER = YES;
				CLANG_WARN_RANGE_LOOP_ANALYSIS = YES;
				CLANG_WARN_STRICT_PROTOTYPES = YES;
				CLANG_WARN_SUSPICIOUS_MOVE = YES;
				CLANG_WARN_UNGUARDED_AVAILABILITY = YES_AGGRESSIVE;
				CLANG_WARN_UNREACHABLE_CODE = YES;
				CLANG_WARN__DUPLICATE_METHOD_MATCH = YES;
				COPY_PHASE_STRIP = NO;
				DEBUG_INFORMATION_FORMAT = dwarf;
				ENABLE_STRICT_OBJC_MSGSEND = YES;
				ENABLE_TESTABILITY = YES;
				ENABLE_USER_SCRIPT_SANDBOXING = YES;
				GCC_C_LANGUAGE_STANDARD = gnu17;
				GCC_DYNAMIC_NO_PIC = NO;
				GCC_NO_COMMON_BLOCKS = YES;
				GCC_OPTIMIZATION_LEVEL = 0;
				GCC_PREPROCESSOR_DEFINITIONS = (
					"DEBUG=1",
					"$(inherited)",
				);
				GCC_WARN_64_TO_32_BIT_CONVERSION = YES;
				GCC_WARN_ABOUT_RETURN_TYPE = YES_ERROR;
				GCC_WARN_UNDECLARED_SELECTOR = YES;
				GCC_WARN_UNINITIALIZED_AUTOS = YES_AGGRESSIVE;
				GCC_WARN_UNUSED_FUNCTION = YES;
				GCC_WARN_UNUSED_VARIABLE = YES;
				IPHONEOS_DEPLOYMENT_TARGET = 17.2;
				LOCALIZATION_PREFERS_STRING_CATALOGS = YES;
				MTL_ENABLE_DEBUG_INFO = INCLUDE_SOURCE;
				MTL_FAST_MATH = YES;
				ONLY_ACTIVE_ARCH = YES;
				SDKROOT = iphoneos;
				SWIFT_ACTIVE_COMPILATION_CONDITIONS = "DEBUG $(inherited)";
				SWIFT_OPTIMIZATION_LEVEL = "-Onone";
			};
			name = Debug;
		};
		5D8612F92C7DDC63007D1FDC /* Release */ = {
			isa = XCBuildConfiguration;
			buildSettings = {
				ALWAYS_SEARCH_USER_PATHS = NO;
				ASSETCATALOG_COMPILER_GENERATE_SWIFT_ASSET_SYMBOL_EXTENSIONS = YES;
				CLANG_ANALYZER_NONNULL = YES;
				CLANG_ANALYZER_NUMBER_OBJECT_CONVERSION = YES_AGGRESSIVE;
				CLANG_CXX_LANGUAGE_STANDARD = "gnu++20";
				CLANG_ENABLE_MODULES = YES;
				CLANG_ENABLE_OBJC_ARC = YES;
				CLANG_ENABLE_OBJC_WEAK = YES;
				CLANG_WARN_BLOCK_CAPTURE_AUTORELEASING = YES;
				CLANG_WARN_BOOL_CONVERSION = YES;
				CLANG_WARN_COMMA = YES;
				CLANG_WARN_CONSTANT_CONVERSION = YES;
				CLANG_WARN_DEPRECATED_OBJC_IMPLEMENTATIONS = YES;
				CLANG_WARN_DIRECT_OBJC_ISA_USAGE = YES_ERROR;
				CLANG_WARN_DOCUMENTATION_COMMENTS = YES;
				CLANG_WARN_EMPTY_BODY = YES;
				CLANG_WARN_ENUM_CONVERSION = YES;
				CLANG_WARN_INFINITE_RECURSION = YES;
				CLANG_WARN_INT_CONVERSION = YES;
				CLANG_WARN_NON_LITERAL_NULL_CONVERSION = YES;
				CLANG_WARN_OBJC_IMPLICIT_RETAIN_SELF = YES;
				CLANG_WARN_OBJC_LITERAL_CONVERSION = YES;
				CLANG_WARN_OBJC_ROOT_CLASS = YES_ERROR;
				CLANG_WARN_QUOTED_INCLUDE_IN_FRAMEWORK_HEADER = YES;
				CLANG_WARN_RANGE_LOOP_ANALYSIS = YES;
				CLANG_WARN_STRICT_PROTOTYPES = YES;
				CLANG_WARN_SUSPICIOUS_MOVE = YES;
				CLANG_WARN_UNGUARDED_AVAILABILITY = YES_AGGRESSIVE;
				CLANG_WARN_UNREACHABLE_CODE = YES;
				CLANG_WARN__DUPLICATE_METHOD_MATCH = YES;
				COPY_PHASE_STRIP = NO;
				DEBUG_INFORMATION_FORMAT = "dwarf-with-dsym";
				ENABLE_NS_ASSERTIONS = NO;
				ENABLE_STRICT_OBJC_MSGSEND = YES;
				ENABLE_USER_SCRIPT_SANDBOXING = YES;
				GCC_C_LANGUAGE_STANDARD = gnu17;
				GCC_NO_COMMON_BLOCKS = YES;
				GCC_WARN_64_TO_32_BIT_CONVERSION = YES;
				GCC_WARN_ABOUT_RETURN_TYPE = YES_ERROR;
				GCC_WARN_UNDECLARED_SELECTOR = YES;
				GCC_WARN_UNINITIALIZED_AUTOS = YES_AGGRESSIVE;
				GCC_WARN_UNUSED_FUNCTION = YES;
				GCC_WARN_UNUSED_VARIABLE = YES;
				IPHONEOS_DEPLOYMENT_TARGET = 17.2;
				LOCALIZATION_PREFERS_STRING_CATALOGS = YES;
				MTL_ENABLE_DEBUG_INFO = NO;
				MTL_FAST_MATH = YES;
				SDKROOT = iphoneos;
				SWIFT_COMPILATION_MODE = wholemodule;
				VALIDATE_PRODUCT = YES;
			};
			name = Release;
		};
		5D8612FB2C7DDC63007D1FDC /* Debug */ = {
			isa = XCBuildConfiguration;
			buildSettings = {
				ASSETCATALOG_COMPILER_APPICON_NAME = AppIcon;
				ASSETCATALOG_COMPILER_GLOBAL_ACCENT_COLOR_NAME = AccentColor;
				CODE_SIGN_STYLE = Automatic;
				CURRENT_PROJECT_VERSION = 1;
				DEVELOPMENT_TEAM = HNFP425755;
				GENERATE_INFOPLIST_FILE = YES;
				INFOPLIST_FILE = SimpleMovies/Info.plist;
				INFOPLIST_KEY_UIApplicationSupportsIndirectInputEvents = YES;
				INFOPLIST_KEY_UILaunchStoryboardName = LaunchScreen;
				INFOPLIST_KEY_UIMainStoryboardFile = Main;
				INFOPLIST_KEY_UISupportedInterfaceOrientations_iPad = "UIInterfaceOrientationPortrait UIInterfaceOrientationPortraitUpsideDown UIInterfaceOrientationLandscapeLeft UIInterfaceOrientationLandscapeRight";
				INFOPLIST_KEY_UISupportedInterfaceOrientations_iPhone = "UIInterfaceOrientationPortrait UIInterfaceOrientationLandscapeLeft UIInterfaceOrientationLandscapeRight";
				LD_RUNPATH_SEARCH_PATHS = (
					"$(inherited)",
					"@executable_path/Frameworks",
				);
				MARKETING_VERSION = 1.0;
				PRODUCT_BUNDLE_IDENTIFIER = com.ajid.SimpleMovies;
				PRODUCT_NAME = "$(TARGET_NAME)";
				SWIFT_EMIT_LOC_STRINGS = YES;
				SWIFT_VERSION = 5.0;
				TARGETED_DEVICE_FAMILY = "1,2";
			};
			name = Debug;
		};
		5D8612FC2C7DDC63007D1FDC /* Release */ = {
			isa = XCBuildConfiguration;
			buildSettings = {
				ASSETCATALOG_COMPILER_APPICON_NAME = AppIcon;
				ASSETCATALOG_COMPILER_GLOBAL_ACCENT_COLOR_NAME = AccentColor;
				CODE_SIGN_STYLE = Automatic;
				CURRENT_PROJECT_VERSION = 1;
				DEVELOPMENT_TEAM = HNFP425755;
				GENERATE_INFOPLIST_FILE = YES;
				INFOPLIST_FILE = SimpleMovies/Info.plist;
				INFOPLIST_KEY_UIApplicationSupportsIndirectInputEvents = YES;
				INFOPLIST_KEY_UILaunchStoryboardName = LaunchScreen;
				INFOPLIST_KEY_UIMainStoryboardFile = Main;
				INFOPLIST_KEY_UISupportedInterfaceOrientations_iPad = "UIInterfaceOrientationPortrait UIInterfaceOrientationPortraitUpsideDown UIInterfaceOrientationLandscapeLeft UIInterfaceOrientationLandscapeRight";
				INFOPLIST_KEY_UISupportedInterfaceOrientations_iPhone = "UIInterfaceOrientationPortrait UIInterfaceOrientationLandscapeLeft UIInterfaceOrientationLandscapeRight";
				LD_RUNPATH_SEARCH_PATHS = (
					"$(inherited)",
					"@executable_path/Frameworks",
				);
				MARKETING_VERSION = 1.0;
				PRODUCT_BUNDLE_IDENTIFIER = com.ajid.SimpleMovies;
				PRODUCT_NAME = "$(TARGET_NAME)";
				SWIFT_EMIT_LOC_STRINGS = YES;
				SWIFT_VERSION = 5.0;
				TARGETED_DEVICE_FAMILY = "1,2";
			};
			name = Release;
		};
		5DE837322C7DE14100C0914B /* Debug */ = {
			isa = XCBuildConfiguration;
			buildSettings = {
				BUNDLE_LOADER = "$(TEST_HOST)";
				CODE_SIGN_STYLE = Automatic;
				CURRENT_PROJECT_VERSION = 1;
				DEVELOPMENT_TEAM = HNFP425755;
				GENERATE_INFOPLIST_FILE = YES;
				MARKETING_VERSION = 1.0;
				PRODUCT_BUNDLE_IDENTIFIER = com.ajid.SimpleMoviesTests;
				PRODUCT_NAME = "$(TARGET_NAME)";
				SWIFT_EMIT_LOC_STRINGS = NO;
				SWIFT_VERSION = 5.0;
				TARGETED_DEVICE_FAMILY = "1,2";
				TEST_HOST = "$(BUILT_PRODUCTS_DIR)/SimpleMovies.app/$(BUNDLE_EXECUTABLE_FOLDER_PATH)/SimpleMovies";
			};
			name = Debug;
		};
		5DE837332C7DE14100C0914B /* Release */ = {
			isa = XCBuildConfiguration;
			buildSettings = {
				BUNDLE_LOADER = "$(TEST_HOST)";
				CODE_SIGN_STYLE = Automatic;
				CURRENT_PROJECT_VERSION = 1;
				DEVELOPMENT_TEAM = HNFP425755;
				GENERATE_INFOPLIST_FILE = YES;
				MARKETING_VERSION = 1.0;
				PRODUCT_BUNDLE_IDENTIFIER = com.ajid.SimpleMoviesTests;
				PRODUCT_NAME = "$(TARGET_NAME)";
				SWIFT_EMIT_LOC_STRINGS = NO;
				SWIFT_VERSION = 5.0;
				TARGETED_DEVICE_FAMILY = "1,2";
				TEST_HOST = "$(BUILT_PRODUCTS_DIR)/SimpleMovies.app/$(BUNDLE_EXECUTABLE_FOLDER_PATH)/SimpleMovies";
			};
			name = Release;
		};
/* End XCBuildConfiguration section */

/* Begin XCConfigurationList section */
		5D8612E12C7DDC60007D1FDC /* Build configuration list for PBXProject "SimpleMovies" */ = {
			isa = XCConfigurationList;
			buildConfigurations = (
				5D8612F82C7DDC63007D1FDC /* Debug */,
				5D8612F92C7DDC63007D1FDC /* Release */,
			);
			defaultConfigurationIsVisible = 0;
			defaultConfigurationName = Release;
		};
		5D8612FA2C7DDC63007D1FDC /* Build configuration list for PBXNativeTarget "SimpleMovies" */ = {
			isa = XCConfigurationList;
			buildConfigurations = (
				5D8612FB2C7DDC63007D1FDC /* Debug */,
				5D8612FC2C7DDC63007D1FDC /* Release */,
			);
			defaultConfigurationIsVisible = 0;
			defaultConfigurationName = Release;
		};
		5DE837342C7DE14100C0914B /* Build configuration list for PBXNativeTarget "SimpleMoviesTests" */ = {
			isa = XCConfigurationList;
			buildConfigurations = (
				5DE837322C7DE14100C0914B /* Debug */,
				5DE837332C7DE14100C0914B /* Release */,
			);
			defaultConfigurationIsVisible = 0;
			defaultConfigurationName = Release;
		};
/* End XCConfigurationList section */
	};
	rootObject = 5D8612DE2C7DDC60007D1FDC /* Project object */;
}
